
Microsoft Visual Studio Solution File, Format Version 12.00
# Visual Studio Version 16
VisualStudioVersion = 25.0.1706.4
MinimumVisualStudioVersion = 10.0.40219.1
Project("{FAE04EC0-301F-11D3-BF4B-00C04F79EFBC}") = "JetBoxer2D", "JetBoxer2D.csproj", "{EFCF35EB-6E8D-4E36-B074-B23E011754EB}"
EndProject
Global
	GlobalSection(SolutionConfigurationPlatforms) = preSolution
		Debug|Any CPU = Debug|Any CPU
		Release|Any CPU = Release|Any CPU
	EndGlobalSection
	GlobalSection(ProjectConfigurationPlatforms) = postSolution
		{EFCF35EB-6E8D-4E36-B074-B23E011754EB}.Debug|Any CPU.ActiveCfg = Debug|Any CPU
		{EFCF35EB-6E8D-4E36-B074-B23E011754EB}.Debug|Any CPU.Build.0 = Debug|Any CPU
		{EFCF35EB-6E8D-4E36-B074-B23E011754EB}.Release|Any CPU.ActiveCfg = Release|Any CPU
		{EFCF35EB-6E8D-4E36-B074-B23E011754EB}.Release|Any CPU.Build.0 = Release|Any CPU
	EndGlobalSection
	GlobalSection(SolutionProperties) = preSolution
		HideSolutionNode = FALSE
	EndGlobalSection
	GlobalSection(ExtensibilityGlobals) = postSolution
		SolutionGuid = {E4FE97C4-C6D0-4697-8604-9815627B6F57}
	EndGlobalSection
	GlobalSection(MonoDevelopProperties) = preSolution
		Policies = $0
		$0.DotNetNamingPolicy = $1
		$1.DirectoryNamespaceAssociation = PrefixedHierarchical
		$0.TextStylePolicy = $2
		$2.FileWidth = 80
		$2.TabsToSpaces = True
		$2.scope = text/x-csharp
		$0.CSharpFormattingPolicy = $3
		$3.scope = text/x-csharp
		$0.TextStylePolicy = $4
		$4.FileWidth = 80
		$4.TabsToSpaces = True
		$4.scope = text/plain
		$0.TextStylePolicy = $5
		$5.inheritsSet = null
		$5.scope = application/manifest+xml
		$0.XmlFormattingPolicy = $6
		$6.inheritsSet = null
		$6.scope = application/manifest+xml
		$0.TextStylePolicy = $7
		$7.inheritsSet = null
		$7.scope = application/xml
		$0.XmlFormattingPolicy = $8
		$8.scope = application/xml
		$0.TextStylePolicy = $9
		$9.inheritsSet = null
		$9.scope = text/x-json
		$0.TextStylePolicy = $10
		$10.inheritsSet = null
		$10.scope = text/x-web
		$0.StandardHeader = $11
	EndGlobalSection
EndGlobal
